<?xml version="1.0" encoding="UTF-8" standalone="yes" ?>
<CodeBlocks_project_file>
	<FileVersion major="1" minor="6" />
	<Project>
		<Option title="Calrissien" />
		<Option pch_mode="2" />
		<Option compiler="gcc" />
		<Build>
			<Target title="Test">
				<Option output="bin/Debug/Calrissien" prefix_auto="1" extension_auto="1" />
				<Option object_output="obj/Debug/" />
				<Option type="1" />
				<Option compiler="gcc" />
				<Compiler>
					<Add option="-g" />
				</Compiler>
			</Target>
			<Target title="Game">
				<Option output="bin/Release/Calrissien" prefix_auto="1" extension_auto="1" />
				<Option object_output="obj/Release/" />
				<Option type="1" />
				<Option compiler="gcc" />
				<Compiler>
					<Add option="-O2" />
				</Compiler>
				<Linker>
					<Add option="-s" />
				</Linker>
			</Target>
		</Build>
		<Compiler>
			<Add option="-Wall" />
		</Compiler>
		<Unit filename="include/Action.h" />
		<Unit filename="include/Atmosphere.h" />
		<Unit filename="include/BadInput.h" />
		<Unit filename="include/Command.h" />
		<Unit filename="include/Container.h" />
		<Unit filename="include/Door.h" />
		<Unit filename="include/Drop.h" />
		<Unit filename="include/Entity.h" />
		<Unit filename="include/EntitySpec.h" />
		<Unit filename="include/EntityState.h" />
		<Unit filename="include/Event.h" />
		<Unit filename="include/EventGroup.h" />
		<Unit filename="include/EventSpec.h" />
		<Unit filename="include/Exceptions.h" />
		<Unit filename="include/Exit.h" />
		<Unit filename="include/Game.h" />
		<Unit filename="include/GameCommand.h" />
		<Unit filename="include/GameData.h" />
		<Unit filename="include/Get.h" />
		<Unit filename="include/Help.h" />
		<Unit filename="include/Inform.h" />
		<Unit filename="include/Interaction.h" />
		<Unit filename="include/Inventory.h" />
		<Unit filename="include/Load.h" />
		<Unit filename="include/Look.h" />
		<Unit filename="include/ObjectBlueprint.h" />
		<Unit filename="include/ObjectWithContentsBlueprint.h" />
		<Unit filename="include/Parser.h" />
		<Unit filename="include/Player.h" />
		<Unit filename="include/Quit.h" />
		<Unit filename="include/Room.h" />
		<Unit filename="include/Save.h" />
		<Unit filename="include/StructuredEvents.h" />
		<Unit filename="include/Talk.h" />
		<Unit filename="include/Use.h" />
		<Unit filename="src/Action.cpp" />
		<Unit filename="src/BadInput.cpp" />
		<Unit filename="src/Command.cpp" />
		<Unit filename="src/Container.cpp" />
		<Unit filename="src/Drop.cpp" />
		<Unit filename="src/Entity.cpp" />
		<Unit filename="src/EntitySpec.cpp" />
		<Unit filename="src/EntityState.cpp" />
		<Unit filename="src/Event.cpp" />
		<Unit filename="src/EventGroup.cpp" />
		<Unit filename="src/EventSpec.cpp" />
		<Unit filename="src/Exit.cpp" />
		<Unit filename="src/Game.cpp" />
		<Unit filename="src/GameCommand.cpp" />
		<Unit filename="src/GameData.cpp" />
		<Unit filename="src/Get.cpp" />
		<Unit filename="src/Help.cpp" />
		<Unit filename="src/Inform.cpp" />
		<Unit filename="src/Interaction.cpp" />
		<Unit filename="src/Inventory.cpp" />
		<Unit filename="src/Load.cpp" />
		<Unit filename="src/Look.cpp" />
		<Unit filename="src/ObjectBlueprint.cpp" />
		<Unit filename="src/ObjectWithContentsBlueprint.cpp" />
		<Unit filename="src/Parser.cpp" />
		<Unit filename="src/Quit.cpp" />
		<Unit filename="src/Room.cpp" />
		<Unit filename="src/Save.cpp" />
		<Unit filename="src/StructuredEvents.cpp" />
		<Unit filename="src/Talk.cpp" />
		<Unit filename="src/Use.cpp" />
		<Unit filename="src/game/main.cpp" />
		<Unit filename="test/ContainerTest.cpp" />
		<Unit filename="test/EntitySpecTest.cpp" />
		<Unit filename="test/EntityStateTest.cpp" />
		<Unit filename="test/EntityTest.cpp" />
		<Unit filename="test/TestBadInput.cpp" />
		<Unit filename="test/TestDrop.cpp" />
		<Unit filename="test/TestEventGroup.cpp" />
		<Unit filename="test/TestEventSpec.cpp" />
		<Unit filename="test/TestExit.cpp" />
		<Unit filename="test/TestGame.cpp" />
		<Unit filename="test/TestGameData.cpp" />
		<Unit filename="test/TestGet.cpp" />
		<Unit filename="test/TestHelp.cpp" />
		<Unit filename="test/TestInform.cpp" />
		<Unit filename="test/TestInteraction.cpp" />
		<Unit filename="test/TestInventory.cpp" />
		<Unit filename="test/TestLoad.cpp" />
		<Unit filename="test/TestLook.cpp" />
		<Unit filename="test/TestObjectBlueprint.cpp" />
		<Unit filename="test/TestObjectWithContentsBlueprint.cpp" />
		<Unit filename="test/TestParser.cpp">
			<Option target="Test" />
		</Unit>
		<Unit filename="test/TestQuit.cpp" />
		<Unit filename="test/TestRoom.cpp" />
		<Unit filename="test/TestSave.cpp" />
		<Unit filename="test/TestStructuredEvent.cpp" />
		<Unit filename="test/TestTalk.cpp" />
		<Unit filename="test/TestUse.cpp" />
		<Unit filename="test/main.cpp" />
		<Extensions>
			<envvars />
			<code_completion />
			<debugger />
			<lib_finder disable_auto="1" />
		</Extensions>
	</Project>
</CodeBlocks_project_file>
